
Microsoft Visual Studio Solution File, Format Version 12.00
# Visual Studio Version 17
VisualStudioVersion = 17.12.35527.113
MinimumVisualStudioVersion = 10.0.40219.1
Project("{2150E333-8FDC-42A3-9474-1A3956D46DE8}") = "ChainOfResponsibility", "ChainOfResponsibility", "{90B8E167-7745-4B26-8894-48E914B12E00}"
EndProject
Project("{FAE04EC0-301F-11D3-BF4B-00C04F79EFBC}") = "ChainOfResponsibilityPattern", "ChainOfResponsibilityPattern\ChainOfResponsibilityPattern.csproj", "{A6020B2B-2373-4653-90A2-489E0603D11C}"
EndProject
Project("{2150E333-8FDC-42A3-9474-1A3956D46DE8}") = "TemplateMethod", "TemplateMethod", "{5095C069-4329-4810-B72E-07D3A2DEF8BE}"
EndProject
Project("{FAE04EC0-301F-11D3-BF4B-00C04F79EFBC}") = "TemplateMethodDesignPattern", "TemplateMethodDesignPattern\TemplateMethodDesignPattern.csproj", "{F2DC35BB-E666-49AC-9166-28F9295A90D2}"
EndProject
Project("{2150E333-8FDC-42A3-9474-1A3956D46DE8}") = "ObserverPattern", "ObserverPattern", "{568C7A5A-EEE8-4729-869F-D76005CE0B5B}"
EndProject
Project("{FAE04EC0-301F-11D3-BF4B-00C04F79EFBC}") = "ObserverDesignPattern", "ObserverDesignPattern\ObserverDesignPattern.csproj", "{3A36F137-E9D0-43A4-A00A-BA8A4F4E79B4}"
EndProject
Project("{2150E333-8FDC-42A3-9474-1A3956D46DE8}") = "UnitOfWork", "UnitOfWork", "{E200CF3B-1808-4E00-BA83-2E0B1EA981B8}"
EndProject
Project("{FAE04EC0-301F-11D3-BF4B-00C04F79EFBC}") = "UnitOfWork.EntityLayer", "UnitOfWork.EntityLayer\UnitOfWork.EntityLayer.csproj", "{83B1C44C-72E3-44E1-9689-CEF3DF45F600}"
EndProject
Project("{FAE04EC0-301F-11D3-BF4B-00C04F79EFBC}") = "UnitOfWork.DataAccessLayer", "UnitOfWork.DataAccessLayer\UnitOfWork.DataAccessLayer.csproj", "{0AAEEF5D-0F3C-484C-A325-66A3CAB3CF0E}"
EndProject
Project("{FAE04EC0-301F-11D3-BF4B-00C04F79EFBC}") = "UnitOfWork.BusinessLayer", "UnitOfWork.BusinessLayer\UnitOfWork.BusinessLayer.csproj", "{A599D4D9-7A99-404C-8524-D906C1D8D1D3}"
EndProject
Project("{FAE04EC0-301F-11D3-BF4B-00C04F79EFBC}") = "UnitOfWork.UI", "UnitOfWork.UI\UnitOfWork.UI.csproj", "{448BC63D-848C-4095-9443-A5DCDF1FA25A}"
EndProject
Global
	GlobalSection(SolutionConfigurationPlatforms) = preSolution
		Debug|Any CPU = Debug|Any CPU
		Release|Any CPU = Release|Any CPU
	EndGlobalSection
	GlobalSection(ProjectConfigurationPlatforms) = postSolution
		{A6020B2B-2373-4653-90A2-489E0603D11C}.Debug|Any CPU.ActiveCfg = Debug|Any CPU
		{A6020B2B-2373-4653-90A2-489E0603D11C}.Debug|Any CPU.Build.0 = Debug|Any CPU
		{A6020B2B-2373-4653-90A2-489E0603D11C}.Release|Any CPU.ActiveCfg = Release|Any CPU
		{A6020B2B-2373-4653-90A2-489E0603D11C}.Release|Any CPU.Build.0 = Release|Any CPU
		{F2DC35BB-E666-49AC-9166-28F9295A90D2}.Debug|Any CPU.ActiveCfg = Debug|Any CPU
		{F2DC35BB-E666-49AC-9166-28F9295A90D2}.Debug|Any CPU.Build.0 = Debug|Any CPU
		{F2DC35BB-E666-49AC-9166-28F9295A90D2}.Release|Any CPU.ActiveCfg = Release|Any CPU
		{F2DC35BB-E666-49AC-9166-28F9295A90D2}.Release|Any CPU.Build.0 = Release|Any CPU
		{3A36F137-E9D0-43A4-A00A-BA8A4F4E79B4}.Debug|Any CPU.ActiveCfg = Debug|Any CPU
		{3A36F137-E9D0-43A4-A00A-BA8A4F4E79B4}.Debug|Any CPU.Build.0 = Debug|Any CPU
		{3A36F137-E9D0-43A4-A00A-BA8A4F4E79B4}.Release|Any CPU.ActiveCfg = Release|Any CPU
		{3A36F137-E9D0-43A4-A00A-BA8A4F4E79B4}.Release|Any CPU.Build.0 = Release|Any CPU
		{83B1C44C-72E3-44E1-9689-CEF3DF45F600}.Debug|Any CPU.ActiveCfg = Debug|Any CPU
		{83B1C44C-72E3-44E1-9689-CEF3DF45F600}.Debug|Any CPU.Build.0 = Debug|Any CPU
		{83B1C44C-72E3-44E1-9689-CEF3DF45F600}.Release|Any CPU.ActiveCfg = Release|Any CPU
		{83B1C44C-72E3-44E1-9689-CEF3DF45F600}.Release|Any CPU.Build.0 = Release|Any CPU
		{0AAEEF5D-0F3C-484C-A325-66A3CAB3CF0E}.Debug|Any CPU.ActiveCfg = Debug|Any CPU
		{0AAEEF5D-0F3C-484C-A325-66A3CAB3CF0E}.Debug|Any CPU.Build.0 = Debug|Any CPU
		{0AAEEF5D-0F3C-484C-A325-66A3CAB3CF0E}.Release|Any CPU.ActiveCfg = Release|Any CPU
		{0AAEEF5D-0F3C-484C-A325-66A3CAB3CF0E}.Release|Any CPU.Build.0 = Release|Any CPU
		{A599D4D9-7A99-404C-8524-D906C1D8D1D3}.Debug|Any CPU.ActiveCfg = Debug|Any CPU
		{A599D4D9-7A99-404C-8524-D906C1D8D1D3}.Debug|Any CPU.Build.0 = Debug|Any CPU
		{A599D4D9-7A99-404C-8524-D906C1D8D1D3}.Release|Any CPU.ActiveCfg = Release|Any CPU
		{A599D4D9-7A99-404C-8524-D906C1D8D1D3}.Release|Any CPU.Build.0 = Release|Any CPU
		{448BC63D-848C-4095-9443-A5DCDF1FA25A}.Debug|Any CPU.ActiveCfg = Debug|Any CPU
		{448BC63D-848C-4095-9443-A5DCDF1FA25A}.Debug|Any CPU.Build.0 = Debug|Any CPU
		{448BC63D-848C-4095-9443-A5DCDF1FA25A}.Release|Any CPU.ActiveCfg = Release|Any CPU
		{448BC63D-848C-4095-9443-A5DCDF1FA25A}.Release|Any CPU.Build.0 = Release|Any CPU
	EndGlobalSection
	GlobalSection(SolutionProperties) = preSolution
		HideSolutionNode = FALSE
	EndGlobalSection
	GlobalSection(NestedProjects) = preSolution
		{A6020B2B-2373-4653-90A2-489E0603D11C} = {90B8E167-7745-4B26-8894-48E914B12E00}
		{F2DC35BB-E666-49AC-9166-28F9295A90D2} = {5095C069-4329-4810-B72E-07D3A2DEF8BE}
		{3A36F137-E9D0-43A4-A00A-BA8A4F4E79B4} = {568C7A5A-EEE8-4729-869F-D76005CE0B5B}
		{83B1C44C-72E3-44E1-9689-CEF3DF45F600} = {E200CF3B-1808-4E00-BA83-2E0B1EA981B8}
		{0AAEEF5D-0F3C-484C-A325-66A3CAB3CF0E} = {E200CF3B-1808-4E00-BA83-2E0B1EA981B8}
		{A599D4D9-7A99-404C-8524-D906C1D8D1D3} = {E200CF3B-1808-4E00-BA83-2E0B1EA981B8}
		{448BC63D-848C-4095-9443-A5DCDF1FA25A} = {E200CF3B-1808-4E00-BA83-2E0B1EA981B8}
	EndGlobalSection
EndGlobal
